
Microsoft Visual Studio Solution File, Format Version 12.00
# Visual Studio Version 17
VisualStudioVersion = 17.2.32526.322
MinimumVisualStudioVersion = 10.0.40219.1
Project("{FAE04EC0-301F-11D3-BF4B-00C04F79EFBC}") = "WinForms_FileManager2", "WinForms_FileManager2\WinForms_FileManager2.csproj", "{1CE84E6A-EDFA-4533-B448-700A183809AF}"
EndProject
Global
	GlobalSection(SolutionConfigurationPlatforms) = preSolution
		Debug|Any CPU = Debug|Any CPU
		Release|Any CPU = Release|Any CPU
	EndGlobalSection
	GlobalSection(ProjectConfigurationPlatforms) = postSolution
		{1CE84E6A-EDFA-4533-B448-700A183809AF}.Debug|Any CPU.ActiveCfg = Debug|Any CPU
		{1CE84E6A-EDFA-4533-B448-700A183809AF}.Debug|Any CPU.Build.0 = Debug|Any CPU
		{1CE84E6A-EDFA-4533-B448-700A183809AF}.Release|Any CPU.ActiveCfg = Release|Any CPU
		{1CE84E6A-EDFA-4533-B448-700A183809AF}.Release|Any CPU.Build.0 = Release|Any CPU
	EndGlobalSection
	GlobalSection(SolutionProperties) = preSolution
		HideSolutionNode = FALSE
	EndGlobalSection
	GlobalSection(ExtensibilityGlobals) = postSolution
		SolutionGuid = {4EE399E3-39C0-486E-944E-05FF64C1C161}
	EndGlobalSection
EndGlobal
